<?xml version="1.0" encoding="utf-8"?>
<Project ToolsVersion="4.0" xmlns="http://schemas.microsoft.com/developer/msbuild/2003">
  <ItemGroup>
    <Filter Include="code">
      <UniqueIdentifier>{93995380-89BD-4b04-88EB-625FBE52EBFB}</UniqueIdentifier>
      <Extensions>h;hh;hpp;hxx;hm;inl;inc;xsd</Extensions>
    </Filter>
    <Filter Include="code\animation">
      <UniqueIdentifier>{2f8f8735-2af1-4c62-b55d-a682d5c88f30}</UniqueIdentifier>
    </Filter>
    <Filter Include="code\gui">
      <UniqueIdentifier>{d8e1a01e-fe97-4c52-8de6-a26f18e9ca7a}</UniqueIdentifier>
    </Filter>
    <Filter Include="code\system">
      <UniqueIdentifier>{a40dae5f-b078-4ae7-9498-7537f46cb31d}</UniqueIdentifier>
    </Filter>
    <Filter Include="code\game">
      <UniqueIdentifier>{4c37c827-b60f-459d-898f-ebbcd9decde0}</UniqueIdentifier>
    </Filter>
    <Filter Include="code\util">
      <UniqueIdentifier>{097800f4-fcbc-47c6-ba91-262d98b1da33}</UniqueIdentifier>
    </Filter>
    <Filter Include="code\mapeditor">
      <UniqueIdentifier>{205667ea-6abb-4fe9-9eb8-483301ce63ed}</UniqueIdentifier>
    </Filter>
    <Filter Include="code\game\ui">
      <UniqueIdentifier>{8177d167-49a4-4a3f-b86a-95628c722afd}</UniqueIdentifier>
    </Filter>
    <Filter Include="code\game\ai">
      <UniqueIdentifier>{dccad527-6ff9-4b8f-b3de-43fbf8b571ed}</UniqueIdentifier>
    </Filter>
    <Filter Include="code\game\entity">
      <UniqueIdentifier>{0a34a3f6-fc9d-473c-9910-a575faba789e}</UniqueIdentifier>
    </Filter>
    <Filter Include="code\game\state">
      <UniqueIdentifier>{f75deed1-763f-40ca-a5e1-dd65193bf64b}</UniqueIdentifier>
    </Filter>
    <Filter Include="code\game\server">
      <UniqueIdentifier>{ffe29b19-4bc1-440d-9d20-e2fe198b60b5}</UniqueIdentifier>
    </Filter>
    <Filter Include="code\game\inventory">
      <UniqueIdentifier>{4d1d9cb6-c629-4b09-ad4c-339bd2c05573}</UniqueIdentifier>
    </Filter>
  </ItemGroup>
  <ItemGroup>
    <ClCompile Include="oldmain.cpp">
      <Filter>code</Filter>
    </ClCompile>
    <ClCompile Include="main.cpp">
      <Filter>code</Filter>
    </ClCompile>
    <ClCompile Include="gui\Button.cpp">
      <Filter>code\gui</Filter>
    </ClCompile>
    <ClCompile Include="gui\EditBox.cpp">
      <Filter>code\gui</Filter>
    </ClCompile>
    <ClCompile Include="gui\Gui.cpp">
      <Filter>code\gui</Filter>
    </ClCompile>
    <ClCompile Include="gui\GuiHandler.cpp">
      <Filter>code\gui</Filter>
    </ClCompile>
    <ClCompile Include="gui\GuiWindow.cpp">
      <Filter>code\gui</Filter>
    </ClCompile>
    <ClCompile Include="gui\List.cpp">
      <Filter>code\gui</Filter>
    </ClCompile>
    <ClCompile Include="gui\NinePatchImage.cpp">
      <Filter>code\gui</Filter>
    </ClCompile>
    <ClCompile Include="gui\Panel.cpp">
      <Filter>code\gui</Filter>
    </ClCompile>
    <ClCompile Include="gui\Slider.cpp">
      <Filter>code\gui</Filter>
    </ClCompile>
    <ClCompile Include="gui\Widget.cpp">
      <Filter>code\gui</Filter>
    </ClCompile>
    <ClCompile Include="animation\Animation.cpp">
      <Filter>code\animation</Filter>
    </ClCompile>
    <ClCompile Include="animation\AnimationEditor.cpp">
      <Filter>code\animation</Filter>
    </ClCompile>
    <ClCompile Include="animation\Bone.cpp">
      <Filter>code\animation</Filter>
    </ClCompile>
    <ClCompile Include="animation\KeyFrameTimeline.cpp">
      <Filter>code\animation</Filter>
    </ClCompile>
    <ClCompile Include="animation\Skeleton.cpp">
      <Filter>code\animation</Filter>
    </ClCompile>
    <ClCompile Include="system\Application.cpp">
      <Filter>code\system</Filter>
    </ClCompile>
    <ClCompile Include="system\Input.cpp">
      <Filter>code\system</Filter>
    </ClCompile>
    <ClCompile Include="system\Log.cpp">
      <Filter>code\system</Filter>
    </ClCompile>
    <ClCompile Include="system\State.cpp">
      <Filter>code\system</Filter>
    </ClCompile>
    <ClCompile Include="system\TextureManager.cpp">
      <Filter>code\system</Filter>
    </ClCompile>
    <ClCompile Include="system\GameWindow.cpp">
      <Filter>code\system</Filter>
    </ClCompile>
    <ClCompile Include="util\BlueprintBackground.cpp">
      <Filter>code\util</Filter>
    </ClCompile>
    <ClCompile Include="util\SimpleSprite.cpp">
      <Filter>code\util</Filter>
    </ClCompile>
    <ClCompile Include="util\Terrain.cpp">
      <Filter>code\util</Filter>
    </ClCompile>
    <ClCompile Include="util\Util.cpp">
      <Filter>code\util</Filter>
    </ClCompile>
    <ClCompile Include="util\Vec2i.cpp">
      <Filter>code\util</Filter>
    </ClCompile>
    <ClCompile Include="util\Vec2f.cpp">
      <Filter>code\util</Filter>
    </ClCompile>
    <ClCompile Include="gui\SimpleGuiWindow.cpp">
      <Filter>code\gui</Filter>
    </ClCompile>
    <ClCompile Include="gui\TextLine.cpp">
      <Filter>code\gui</Filter>
    </ClCompile>
    <ClCompile Include="animation\AnimatedSkeleton.cpp">
      <Filter>code\animation</Filter>
    </ClCompile>
    <ClCompile Include="animation\Skin.cpp">
      <Filter>code\animation</Filter>
    </ClCompile>
    <ClCompile Include="game\GameWorld.cpp">
      <Filter>code\game</Filter>
    </ClCompile>
    <ClCompile Include="game\PhysicsWorld.cpp">
      <Filter>code\game</Filter>
    </ClCompile>
    <ClCompile Include="system\Settings.cpp">
      <Filter>code\system</Filter>
    </ClCompile>
    <ClCompile Include="mapeditor\EditorTerrain.cpp">
      <Filter>code\mapeditor</Filter>
    </ClCompile>
    <ClCompile Include="mapeditor\MapEditor.cpp">
      <Filter>code\mapeditor</Filter>
    </ClCompile>
    <ClCompile Include="system\StaticObject.cpp">
      <Filter>code\system</Filter>
    </ClCompile>
    <ClCompile Include="system\ObjectManager.cpp">
      <Filter>code\system</Filter>
    </ClCompile>
    <ClCompile Include="system\ObjectHandler.cpp">
      <Filter>code\system</Filter>
    </ClCompile>
    <ClCompile Include="system\AnimationManager.cpp">
      <Filter>code\system</Filter>
    </ClCompile>
    <ClCompile Include="system\NetEvent.cpp">
      <Filter>code\system</Filter>
    </ClCompile>
    <ClCompile Include="game\Bullet.cpp">
      <Filter>code\game</Filter>
    </ClCompile>
    <ClCompile Include="system\PhysicsCallbacks.cpp">
      <Filter>code\system</Filter>
    </ClCompile>
    <ClCompile Include="system\ContactListener.cpp">
      <Filter>code\system</Filter>
    </ClCompile>
    <ClCompile Include="system\GlobalRandom.cpp">
      <Filter>code\system</Filter>
    </ClCompile>
    <ClCompile Include="game\ai\HumanAiBrain.cpp">
      <Filter>code\game\ai</Filter>
    </ClCompile>
    <ClCompile Include="game\entity\AliveEntity.cpp">
      <Filter>code\game\entity</Filter>
    </ClCompile>
    <ClCompile Include="game\entity\DynamicProp.cpp">
      <Filter>code\game\entity</Filter>
    </ClCompile>
    <ClCompile Include="game\entity\Entity.cpp">
      <Filter>code\game\entity</Filter>
    </ClCompile>
    <ClCompile Include="game\entity\HumanAi.cpp">
      <Filter>code\game\entity</Filter>
    </ClCompile>
    <ClCompile Include="game\entity\Person.cpp">
      <Filter>code\game\entity</Filter>
    </ClCompile>
    <ClCompile Include="game\entity\PhysicsEntity.cpp">
      <Filter>code\game\entity</Filter>
    </ClCompile>
    <ClCompile Include="game\entity\Player.cpp">
      <Filter>code\game\entity</Filter>
    </ClCompile>
    <ClCompile Include="game\inventory\Inventory.cpp">
      <Filter>code\game\inventory</Filter>
    </ClCompile>
    <ClCompile Include="game\inventory\ItemManager.cpp">
      <Filter>code\game\inventory</Filter>
    </ClCompile>
    <ClCompile Include="game\inventory\PlayerSlots.cpp">
      <Filter>code\game\inventory</Filter>
    </ClCompile>
    <ClCompile Include="game\inventory\Weapon.cpp">
      <Filter>code\game\inventory</Filter>
    </ClCompile>
    <ClCompile Include="game\inventory\WeaponManager.cpp">
      <Filter>code\game\inventory</Filter>
    </ClCompile>
    <ClCompile Include="game\server\Client.cpp">
      <Filter>code\game\server</Filter>
    </ClCompile>
    <ClCompile Include="game\server\GameServer.cpp">
      <Filter>code\game\server</Filter>
    </ClCompile>
    <ClCompile Include="game\server\Server.cpp">
      <Filter>code\game\server</Filter>
    </ClCompile>
    <ClCompile Include="game\server\SharedMultiplayer.cpp">
      <Filter>code\game\server</Filter>
    </ClCompile>
    <ClCompile Include="game\state\Game.cpp">
      <Filter>code\game\state</Filter>
    </ClCompile>
    <ClCompile Include="game\state\GameMenu.cpp">
      <Filter>code\game\state</Filter>
    </ClCompile>
    <ClCompile Include="game\ui\GameButton.cpp">
      <Filter>code\game\ui</Filter>
    </ClCompile>
    <ClCompile Include="game\ui\InventoryPanel.cpp">
      <Filter>code\game\ui</Filter>
    </ClCompile>
    <ClCompile Include="game\ui\ItemSlot.cpp">
      <Filter>code\game\ui</Filter>
    </ClCompile>
    <ClCompile Include="game\ui\PlayerInventory.cpp">
      <Filter>code\game\ui</Filter>
    </ClCompile>
    <ClCompile Include="util\Regulator.cpp">
      <Filter>code\util</Filter>
    </ClCompile>
    <ClCompile Include="game\ui\HealthBar.cpp">
      <Filter>code\game\ui</Filter>
    </ClCompile>
    <ClCompile Include="game\ui\PlayerUi.cpp">
      <Filter>code\game\ui</Filter>
    </ClCompile>
  </ItemGroup>
  <ItemGroup>
    <ClInclude Include="gui\Button.h">
      <Filter>code\gui</Filter>
    </ClInclude>
    <ClInclude Include="gui\EditBox.h">
      <Filter>code\gui</Filter>
    </ClInclude>
    <ClInclude Include="gui\Gui.h">
      <Filter>code\gui</Filter>
    </ClInclude>
    <ClInclude Include="gui\GuiHandler.h">
      <Filter>code\gui</Filter>
    </ClInclude>
    <ClInclude Include="gui\GuiWindow.h">
      <Filter>code\gui</Filter>
    </ClInclude>
    <ClInclude Include="gui\List.h">
      <Filter>code\gui</Filter>
    </ClInclude>
    <ClInclude Include="gui\NinePatchImage.h">
      <Filter>code\gui</Filter>
    </ClInclude>
    <ClInclude Include="gui\Panel.h">
      <Filter>code\gui</Filter>
    </ClInclude>
    <ClInclude Include="gui\Slider.h">
      <Filter>code\gui</Filter>
    </ClInclude>
    <ClInclude Include="gui\Widget.h">
      <Filter>code\gui</Filter>
    </ClInclude>
    <ClInclude Include="animation\Animation.h">
      <Filter>code\animation</Filter>
    </ClInclude>
    <ClInclude Include="animation\AnimationEditor.h">
      <Filter>code\animation</Filter>
    </ClInclude>
    <ClInclude Include="animation\Bone.h">
      <Filter>code\animation</Filter>
    </ClInclude>
    <ClInclude Include="animation\KeyFrameTimeline.h">
      <Filter>code\animation</Filter>
    </ClInclude>
    <ClInclude Include="animation\Skeleton.h">
      <Filter>code\animation</Filter>
    </ClInclude>
    <ClInclude Include="system\Application.h">
      <Filter>code\system</Filter>
    </ClInclude>
    <ClInclude Include="system\Input.h">
      <Filter>code\system</Filter>
    </ClInclude>
    <ClInclude Include="system\Log.h">
      <Filter>code\system</Filter>
    </ClInclude>
    <ClInclude Include="system\State.h">
      <Filter>code\system</Filter>
    </ClInclude>
    <ClInclude Include="system\TextureManager.h">
      <Filter>code\system</Filter>
    </ClInclude>
    <ClInclude Include="system\GameWindow.h">
      <Filter>code\system</Filter>
    </ClInclude>
    <ClInclude Include="util\BlueprintBackground.h">
      <Filter>code\util</Filter>
    </ClInclude>
    <ClInclude Include="util\json.hpp">
      <Filter>code\util</Filter>
    </ClInclude>
    <ClInclude Include="util\SimpleSprite.h">
      <Filter>code\util</Filter>
    </ClInclude>
    <ClInclude Include="util\Terrain.h">
      <Filter>code\util</Filter>
    </ClInclude>
    <ClInclude Include="util\Util.h">
      <Filter>code\util</Filter>
    </ClInclude>
    <ClInclude Include="util\Vec2f.h">
      <Filter>code\util</Filter>
    </ClInclude>
    <ClInclude Include="util\Vec2i.h">
      <Filter>code\util</Filter>
    </ClInclude>
    <ClInclude Include="gui\SimpleGuiWindow.h">
      <Filter>code\gui</Filter>
    </ClInclude>
    <ClInclude Include="gui\TextLine.h">
      <Filter>code\gui</Filter>
    </ClInclude>
    <ClInclude Include="animation\AnimatedSkeleton.h">
      <Filter>code\animation</Filter>
    </ClInclude>
    <ClInclude Include="animation\Skin.h">
      <Filter>code\animation</Filter>
    </ClInclude>
    <ClInclude Include="game\GameWorld.h">
      <Filter>code\game</Filter>
    </ClInclude>
    <ClInclude Include="game\PhysicsWorld.h">
      <Filter>code\game</Filter>
    </ClInclude>
    <ClInclude Include="system\Settings.h">
      <Filter>code\system</Filter>
    </ClInclude>
    <ClInclude Include="mapeditor\EditorTerrain.h">
      <Filter>code\mapeditor</Filter>
    </ClInclude>
    <ClInclude Include="mapeditor\MapEditor.h">
      <Filter>code\mapeditor</Filter>
    </ClInclude>
    <ClInclude Include="system\StaticObject.h">
      <Filter>code\system</Filter>
    </ClInclude>
    <ClInclude Include="system\ObjectManager.h">
      <Filter>code\system</Filter>
    </ClInclude>
    <ClInclude Include="system\ObjectHandler.h">
      <Filter>code\system</Filter>
    </ClInclude>
    <ClInclude Include="system\AnimationManager.h">
      <Filter>code\system</Filter>
    </ClInclude>
    <ClInclude Include="system\NetEvent.h">
      <Filter>code\system</Filter>
    </ClInclude>
    <ClInclude Include="game\Bullet.h">
      <Filter>code\game</Filter>
    </ClInclude>
    <ClInclude Include="system\PhysicsCallbacks.h">
      <Filter>code\system</Filter>
    </ClInclude>
    <ClInclude Include="system\ContactListener.h">
      <Filter>code\system</Filter>
    </ClInclude>
    <ClInclude Include="system\GlobalRandom.h">
      <Filter>code\system</Filter>
    </ClInclude>
    <ClInclude Include="game\ai\HumanAiBrain.h">
      <Filter>code\game\ai</Filter>
    </ClInclude>
    <ClInclude Include="game\entity\AliveEntity.h">
      <Filter>code\game\entity</Filter>
    </ClInclude>
    <ClInclude Include="game\entity\DynamicProp.h">
      <Filter>code\game\entity</Filter>
    </ClInclude>
    <ClInclude Include="game\entity\Entity.h">
      <Filter>code\game\entity</Filter>
    </ClInclude>
    <ClInclude Include="game\entity\HumanAi.h">
      <Filter>code\game\entity</Filter>
    </ClInclude>
    <ClInclude Include="game\entity\Person.h">
      <Filter>code\game\entity</Filter>
    </ClInclude>
    <ClInclude Include="game\entity\PhysicsEntity.h">
      <Filter>code\game\entity</Filter>
    </ClInclude>
    <ClInclude Include="game\entity\Player.h">
      <Filter>code\game\entity</Filter>
    </ClInclude>
    <ClInclude Include="game\inventory\Inventory.h">
      <Filter>code\game\inventory</Filter>
    </ClInclude>
    <ClInclude Include="game\inventory\ItemManager.h">
      <Filter>code\game\inventory</Filter>
    </ClInclude>
    <ClInclude Include="game\inventory\PlayerSlots.h">
      <Filter>code\game\inventory</Filter>
    </ClInclude>
    <ClInclude Include="game\inventory\Weapon.h">
      <Filter>code\game\inventory</Filter>
    </ClInclude>
    <ClInclude Include="game\inventory\WeaponManager.h">
      <Filter>code\game\inventory</Filter>
    </ClInclude>
    <ClInclude Include="game\server\Client.h">
      <Filter>code\game\server</Filter>
    </ClInclude>
    <ClInclude Include="game\server\GameServer.h">
      <Filter>code\game\server</Filter>
    </ClInclude>
    <ClInclude Include="game\server\Server.h">
      <Filter>code\game\server</Filter>
    </ClInclude>
    <ClInclude Include="game\server\SharedMultiplayer.h">
      <Filter>code\game\server</Filter>
    </ClInclude>
    <ClInclude Include="game\state\Game.h">
      <Filter>code\game\state</Filter>
    </ClInclude>
    <ClInclude Include="game\state\GameMenu.h">
      <Filter>code\game\state</Filter>
    </ClInclude>
    <ClInclude Include="game\ui\GameButton.h">
      <Filter>code\game\ui</Filter>
    </ClInclude>
    <ClInclude Include="game\ui\InventoryPanel.h">
      <Filter>code\game\ui</Filter>
    </ClInclude>
    <ClInclude Include="game\ui\ItemSlot.h">
      <Filter>code\game\ui</Filter>
    </ClInclude>
    <ClInclude Include="game\ui\PlayerInventory.h">
      <Filter>code\game\ui</Filter>
    </ClInclude>
    <ClInclude Include="util\Regulator.h">
      <Filter>code\util</Filter>
    </ClInclude>
    <ClInclude Include="game\ui\HealthBar.h">
      <Filter>code\game\ui</Filter>
    </ClInclude>
    <ClInclude Include="game\ui\PlayerUi.h">
      <Filter>code\game\ui</Filter>
    </ClInclude>
  </ItemGroup>
</Project>