<?xml version="1.0" encoding="utf-8"?>
<Project ToolsVersion="4.0" xmlns="http://schemas.microsoft.com/developer/msbuild/2003">
  <ItemGroup>
    <Filter Include="code">
      <UniqueIdentifier>{93995380-89BD-4b04-88EB-625FBE52EBFB}</UniqueIdentifier>
      <Extensions>h;hh;hpp;hxx;hm;inl;inc;xsd</Extensions>
    </Filter>
    <Filter Include="code\animation">
      <UniqueIdentifier>{2f8f8735-2af1-4c62-b55d-a682d5c88f30}</UniqueIdentifier>
    </Filter>
    <Filter Include="code\gui">
      <UniqueIdentifier>{d8e1a01e-fe97-4c52-8de6-a26f18e9ca7a}</UniqueIdentifier>
    </Filter>
    <Filter Include="code\system">
      <UniqueIdentifier>{a40dae5f-b078-4ae7-9498-7537f46cb31d}</UniqueIdentifier>
    </Filter>
    <Filter Include="code\game">
      <UniqueIdentifier>{4c37c827-b60f-459d-898f-ebbcd9decde0}</UniqueIdentifier>
    </Filter>
    <Filter Include="code\util">
      <UniqueIdentifier>{097800f4-fcbc-47c6-ba91-262d98b1da33}</UniqueIdentifier>
    </Filter>
  </ItemGroup>
  <ItemGroup>
    <ClCompile Include="oldmain.cpp">
      <Filter>code</Filter>
    </ClCompile>
    <ClCompile Include="main.cpp">
      <Filter>code</Filter>
    </ClCompile>
    <ClCompile Include="gui\Button.cpp">
      <Filter>code\gui</Filter>
    </ClCompile>
    <ClCompile Include="gui\EditBox.cpp">
      <Filter>code\gui</Filter>
    </ClCompile>
    <ClCompile Include="gui\Gui.cpp">
      <Filter>code\gui</Filter>
    </ClCompile>
    <ClCompile Include="gui\GuiHandler.cpp">
      <Filter>code\gui</Filter>
    </ClCompile>
    <ClCompile Include="gui\GuiWindow.cpp">
      <Filter>code\gui</Filter>
    </ClCompile>
    <ClCompile Include="gui\List.cpp">
      <Filter>code\gui</Filter>
    </ClCompile>
    <ClCompile Include="gui\NinePatchImage.cpp">
      <Filter>code\gui</Filter>
    </ClCompile>
    <ClCompile Include="gui\Panel.cpp">
      <Filter>code\gui</Filter>
    </ClCompile>
    <ClCompile Include="gui\Slider.cpp">
      <Filter>code\gui</Filter>
    </ClCompile>
    <ClCompile Include="gui\Widget.cpp">
      <Filter>code\gui</Filter>
    </ClCompile>
    <ClCompile Include="animation\Animation.cpp">
      <Filter>code\animation</Filter>
    </ClCompile>
    <ClCompile Include="animation\AnimationEditor.cpp">
      <Filter>code\animation</Filter>
    </ClCompile>
    <ClCompile Include="animation\Bone.cpp">
      <Filter>code\animation</Filter>
    </ClCompile>
    <ClCompile Include="animation\KeyFrameTimeline.cpp">
      <Filter>code\animation</Filter>
    </ClCompile>
    <ClCompile Include="animation\Skeleton.cpp">
      <Filter>code\animation</Filter>
    </ClCompile>
    <ClCompile Include="system\Application.cpp">
      <Filter>code\system</Filter>
    </ClCompile>
    <ClCompile Include="system\Input.cpp">
      <Filter>code\system</Filter>
    </ClCompile>
    <ClCompile Include="system\Log.cpp">
      <Filter>code\system</Filter>
    </ClCompile>
    <ClCompile Include="system\State.cpp">
      <Filter>code\system</Filter>
    </ClCompile>
    <ClCompile Include="system\TextureManager.cpp">
      <Filter>code\system</Filter>
    </ClCompile>
    <ClCompile Include="system\GameWindow.cpp">
      <Filter>code\system</Filter>
    </ClCompile>
    <ClCompile Include="util\BlueprintBackground.cpp">
      <Filter>code\util</Filter>
    </ClCompile>
    <ClCompile Include="util\SimpleSprite.cpp">
      <Filter>code\util</Filter>
    </ClCompile>
    <ClCompile Include="util\Terrain.cpp">
      <Filter>code\util</Filter>
    </ClCompile>
    <ClCompile Include="util\Util.cpp">
      <Filter>code\util</Filter>
    </ClCompile>
    <ClCompile Include="util\Vec2i.cpp">
      <Filter>code\util</Filter>
    </ClCompile>
    <ClCompile Include="util\Vec2f.cpp">
      <Filter>code\util</Filter>
    </ClCompile>
    <ClCompile Include="game\Client.cpp">
      <Filter>code\game</Filter>
    </ClCompile>
    <ClCompile Include="game\Entity.cpp">
      <Filter>code\game</Filter>
    </ClCompile>
    <ClCompile Include="game\Game.cpp">
      <Filter>code\game</Filter>
    </ClCompile>
    <ClCompile Include="game\GameServer.cpp">
      <Filter>code\game</Filter>
    </ClCompile>
    <ClCompile Include="game\Server.cpp">
      <Filter>code\game</Filter>
    </ClCompile>
    <ClCompile Include="game\Player.cpp">
      <Filter>code\game</Filter>
    </ClCompile>
    <ClCompile Include="gui\SimpleGuiWindow.cpp">
      <Filter>code\gui</Filter>
    </ClCompile>
    <ClCompile Include="gui\TextLine.cpp">
      <Filter>code\gui</Filter>
    </ClCompile>
  </ItemGroup>
  <ItemGroup>
    <ClInclude Include="gui\Button.h">
      <Filter>code\gui</Filter>
    </ClInclude>
    <ClInclude Include="gui\EditBox.h">
      <Filter>code\gui</Filter>
    </ClInclude>
    <ClInclude Include="gui\Gui.h">
      <Filter>code\gui</Filter>
    </ClInclude>
    <ClInclude Include="gui\GuiHandler.h">
      <Filter>code\gui</Filter>
    </ClInclude>
    <ClInclude Include="gui\GuiWindow.h">
      <Filter>code\gui</Filter>
    </ClInclude>
    <ClInclude Include="gui\List.h">
      <Filter>code\gui</Filter>
    </ClInclude>
    <ClInclude Include="gui\NinePatchImage.h">
      <Filter>code\gui</Filter>
    </ClInclude>
    <ClInclude Include="gui\Panel.h">
      <Filter>code\gui</Filter>
    </ClInclude>
    <ClInclude Include="gui\Slider.h">
      <Filter>code\gui</Filter>
    </ClInclude>
    <ClInclude Include="gui\Widget.h">
      <Filter>code\gui</Filter>
    </ClInclude>
    <ClInclude Include="animation\Animation.h">
      <Filter>code\animation</Filter>
    </ClInclude>
    <ClInclude Include="animation\AnimationEditor.h">
      <Filter>code\animation</Filter>
    </ClInclude>
    <ClInclude Include="animation\Bone.h">
      <Filter>code\animation</Filter>
    </ClInclude>
    <ClInclude Include="animation\KeyFrameTimeline.h">
      <Filter>code\animation</Filter>
    </ClInclude>
    <ClInclude Include="animation\Skeleton.h">
      <Filter>code\animation</Filter>
    </ClInclude>
    <ClInclude Include="system\Application.h">
      <Filter>code\system</Filter>
    </ClInclude>
    <ClInclude Include="system\Input.h">
      <Filter>code\system</Filter>
    </ClInclude>
    <ClInclude Include="system\Log.h">
      <Filter>code\system</Filter>
    </ClInclude>
    <ClInclude Include="system\State.h">
      <Filter>code\system</Filter>
    </ClInclude>
    <ClInclude Include="system\TextureManager.h">
      <Filter>code\system</Filter>
    </ClInclude>
    <ClInclude Include="system\GameWindow.h">
      <Filter>code\system</Filter>
    </ClInclude>
    <ClInclude Include="util\BlueprintBackground.h">
      <Filter>code\util</Filter>
    </ClInclude>
    <ClInclude Include="util\json.hpp">
      <Filter>code\util</Filter>
    </ClInclude>
    <ClInclude Include="util\SimpleSprite.h">
      <Filter>code\util</Filter>
    </ClInclude>
    <ClInclude Include="util\Terrain.h">
      <Filter>code\util</Filter>
    </ClInclude>
    <ClInclude Include="util\Util.h">
      <Filter>code\util</Filter>
    </ClInclude>
    <ClInclude Include="util\Vec2f.h">
      <Filter>code\util</Filter>
    </ClInclude>
    <ClInclude Include="util\Vec2i.h">
      <Filter>code\util</Filter>
    </ClInclude>
    <ClInclude Include="game\Client.h">
      <Filter>code\game</Filter>
    </ClInclude>
    <ClInclude Include="game\Entity.h">
      <Filter>code\game</Filter>
    </ClInclude>
    <ClInclude Include="game\Game.h">
      <Filter>code\game</Filter>
    </ClInclude>
    <ClInclude Include="game\GameServer.h">
      <Filter>code\game</Filter>
    </ClInclude>
    <ClInclude Include="game\Player.h">
      <Filter>code\game</Filter>
    </ClInclude>
    <ClInclude Include="game\Server.h">
      <Filter>code\game</Filter>
    </ClInclude>
    <ClInclude Include="gui\SimpleGuiWindow.h">
      <Filter>code\gui</Filter>
    </ClInclude>
    <ClInclude Include="gui\TextLine.h">
      <Filter>code\gui</Filter>
    </ClInclude>
  </ItemGroup>
</Project>